
Microsoft Visual Studio Solution File, Format Version 12.00
# Visual Studio Version 17
VisualStudioVersion = 17.6.33829.357
MinimumVisualStudioVersion = 10.0.40219.1
Project("{FAE04EC0-301F-11D3-BF4B-00C04F79EFBC}") = "class_animal", "class_animal.csproj", "{FB3EC2DD-3A55-4CA0-9DE6-6BEE734949F5}"
EndProject
Global
	GlobalSection(SolutionConfigurationPlatforms) = preSolution
		Debug|Any CPU = Debug|Any CPU
		Release|Any CPU = Release|Any CPU
	EndGlobalSection
	GlobalSection(ProjectConfigurationPlatforms) = postSolution
		{FB3EC2DD-3A55-4CA0-9DE6-6BEE734949F5}.Debug|Any CPU.ActiveCfg = Debug|Any CPU
		{FB3EC2DD-3A55-4CA0-9DE6-6BEE734949F5}.Debug|Any CPU.Build.0 = Debug|Any CPU
		{FB3EC2DD-3A55-4CA0-9DE6-6BEE734949F5}.Release|Any CPU.ActiveCfg = Release|Any CPU
		{FB3EC2DD-3A55-4CA0-9DE6-6BEE734949F5}.Release|Any CPU.Build.0 = Release|Any CPU
	EndGlobalSection
	GlobalSection(SolutionProperties) = preSolution
		HideSolutionNode = FALSE
	EndGlobalSection
	GlobalSection(ExtensibilityGlobals) = postSolution
		SolutionGuid = {3B3153ED-E5F5-49A3-81DB-3076E122DB6C}
	EndGlobalSection
EndGlobal
